<Solution>
  <Folder Name="/1. Domain/">
    <Project Path="Domain/Domain.csproj" Id="4e9e5692-204b-454d-aa68-d903401e1d57" />
  </Folder>
  <Folder Name="/2. Application/">
    <Project Path="Application/Application.csproj" Id="6f255684-c747-4cec-aed3-cc34445b9e76" />
  </Folder>
  <Folder Name="/3. Business/">
    <Project Path="Business/Business.csproj" Id="96e4064e-7bf1-45eb-b02a-0638bbe00449" />
  </Folder>
  <Folder Name="/4. Infrastructure/">
    <Project Path="Infrastructure/Infrastructure.csproj" />
    <Project Path="Infrastructure.Database/Infrastructure.Database.csproj" />
  </Folder>
  <Folder Name="/5. Host/">
    <Project Path="Host/Host.csproj" />
  </Folder>
  <Folder Name="/6. Tests/">
    <Project Path="Application.Tests/Application.Tests.csproj" />
  </Folder>
  <Folder Name="/7. Database/">
    <Project Path="Database/MediaNormalizer.Database.sqlproj" Type="42EA0DBD-9CF1-443E-919E-BE9C484E4577">
      <Configuration Solution="Debug|*" Project="Debug|*|Debug" />
      <Configuration Solution="Release|*" Project="Release|*|Release" />
    </Project>
  </Folder>
</Solution>
